
Microsoft Visual Studio Solution File, Format Version 12.00
Project("{FAE04EC0-301F-11D3-BF4B-00C04F79EFBC}") = "ClientMessenger", "ClientMessenger\ClientMessenger.csproj", "{E19BACC1-4463-4768-8455-32565E8C0704}"
EndProject
Project("{FAE04EC0-301F-11D3-BF4B-00C04F79EFBC}") = "ServerMessenger", "ServerMessenger\ServerMessenger.csproj", "{8B443A5E-696B-4EF4-AD63-D2B73A6E385E}"
EndProject
Project("{FAE04EC0-301F-11D3-BF4B-00C04F79EFBC}") = "ChatModelLibrary", "ChatModelLibrary\ChatModelLibrary.csproj", "{AACDEE3E-6D8D-41D4-8F45-207E5700ED34}"
EndProject
Global
	GlobalSection(SolutionConfigurationPlatforms) = preSolution
		Debug|Any CPU = Debug|Any CPU
		Release|Any CPU = Release|Any CPU
	EndGlobalSection
	GlobalSection(ProjectConfigurationPlatforms) = postSolution
		{E19BACC1-4463-4768-8455-32565E8C0704}.Debug|Any CPU.ActiveCfg = Debug|Any CPU
		{E19BACC1-4463-4768-8455-32565E8C0704}.Debug|Any CPU.Build.0 = Debug|Any CPU
		{E19BACC1-4463-4768-8455-32565E8C0704}.Release|Any CPU.ActiveCfg = Release|Any CPU
		{E19BACC1-4463-4768-8455-32565E8C0704}.Release|Any CPU.Build.0 = Release|Any CPU
		{8B443A5E-696B-4EF4-AD63-D2B73A6E385E}.Debug|Any CPU.ActiveCfg = Debug|Any CPU
		{8B443A5E-696B-4EF4-AD63-D2B73A6E385E}.Debug|Any CPU.Build.0 = Debug|Any CPU
		{8B443A5E-696B-4EF4-AD63-D2B73A6E385E}.Release|Any CPU.ActiveCfg = Release|Any CPU
		{8B443A5E-696B-4EF4-AD63-D2B73A6E385E}.Release|Any CPU.Build.0 = Release|Any CPU
		{AACDEE3E-6D8D-41D4-8F45-207E5700ED34}.Debug|Any CPU.ActiveCfg = Debug|Any CPU
		{AACDEE3E-6D8D-41D4-8F45-207E5700ED34}.Debug|Any CPU.Build.0 = Debug|Any CPU
		{AACDEE3E-6D8D-41D4-8F45-207E5700ED34}.Release|Any CPU.ActiveCfg = Release|Any CPU
		{AACDEE3E-6D8D-41D4-8F45-207E5700ED34}.Release|Any CPU.Build.0 = Release|Any CPU
	EndGlobalSection
EndGlobal
